{
  "nodes": {
    "flake-parts": {
      "inputs": {
        "nixpkgs-lib": [
          "nixpkgs"
        ]
      },
      "locked": {
        "lastModified": 1722555600,
        "narHash": "sha256-XOQkdLafnb/p9ij77byFQjDf5m5QYl9b2REiVClC+x4=",
        "owner": "hercules-ci",
        "repo": "flake-parts",
        "rev": "8471fe90ad337a8074e957b69ca4d0089218391d",
        "type": "github"
      },
      "original": {
        "owner": "hercules-ci",
        "repo": "flake-parts",
        "type": "github"
      }
    },
    "neovim-plugin__ale": {
      "flake": false,
      "locked": {
        "lastModified": 1747756782,
        "narHash": "sha256-7JZMz9QDrlDUuaVIkYFbKu0rNubTd73gMvM0iH4XQFc=",
        "owner": "dense-analysis",
        "repo": "ale",
        "rev": "80ff84db84ba172bfcdee5e2748924bb2249134b",
        "type": "github"
      },
      "original": {
        "owner": "dense-analysis",
        "repo": "ale",
        "type": "github"
      }
    },
    "neovim-plugin__editorconfig-vim": {
      "flake": false,
      "locked": {
        "lastModified": 1745220117,
        "narHash": "sha256-Ydg0KVY7LtNkpeppLOinxb6pbPnh5d2ZKlH3ZKsUtYo=",
        "owner": "editorconfig",
        "repo": "editorconfig-vim",
        "rev": "6a58b7c11f79c0e1d0f20533b3f42f2a11490cf8",
        "type": "github"
      },
      "original": {
        "owner": "editorconfig",
        "repo": "editorconfig-vim",
        "type": "github"
      }
    },
    "neovim-plugin__gitsigns_nvim": {
      "flake": false,
      "locked": {
        "lastModified": 1747829807,
        "narHash": "sha256-sebcUEiX2f8dWId/5z2dgRXSDaJQ6eycR5SYrOcmTxk=",
        "owner": "lewis6991",
        "repo": "gitsigns.nvim",
        "rev": "8b729e489f1475615dc6c9737da917b3bc163605",
        "type": "github"
      },
      "original": {
        "owner": "lewis6991",
        "repo": "gitsigns.nvim",
        "type": "github"
      }
    },
    "neovim-plugin__hop_nvim": {
      "flake": false,
      "locked": {
        "lastModified": 1694283445,
        "narHash": "sha256-SnuFeD/lrMxKtpBRPgIwdG0kVF7BWe02PiV7URVDASI=",
        "owner": "phaazon",
        "repo": "hop.nvim",
        "rev": "1a1eceafe54b5081eae4cb91c723abd1d450f34b",
        "type": "github"
      },
      "original": {
        "owner": "phaazon",
        "repo": "hop.nvim",
        "type": "github"
      }
    },
    "neovim-plugin__leap_nvim": {
      "flake": false,
      "locked": {
        "lastModified": 1747304454,
        "narHash": "sha256-3wbQPc3mpkbotNrPHhI1l5ea6+/V5gzMqF8PglvPu2U=",
        "owner": "ggandor",
        "repo": "leap.nvim",
        "rev": "189102b07cdd24de3bd7132e57da8c9614c385fc",
        "type": "github"
      },
      "original": {
        "owner": "ggandor",
        "repo": "leap.nvim",
        "type": "github"
      }
    },
    "neovim-plugin__lightline_vim": {
      "flake": false,
      "locked": {
        "lastModified": 1735564432,
        "narHash": "sha256-bNOp5CFD1+bkAgjxggiPQb6pOK3xBIlUd/WROZoNph0=",
        "owner": "itchyny",
        "repo": "lightline.vim",
        "rev": "e358557e1a9f9fc860416c8eb2e34c0404078155",
        "type": "github"
      },
      "original": {
        "owner": "itchyny",
        "repo": "lightline.vim",
        "type": "github"
      }
    },
    "neovim-plugin__monokai_nvim": {
      "flake": false,
      "locked": {
        "lastModified": 1674050493,
        "narHash": "sha256-Q6+la2P2L1QmdsRKszBBMee8oLXHwdJGWjG/FMMFgT0=",
        "owner": "tanvirtin",
        "repo": "monokai.nvim",
        "rev": "b8bd44d5796503173627d7a1fc51f77ec3a08a63",
        "type": "github"
      },
      "original": {
        "owner": "tanvirtin",
        "repo": "monokai.nvim",
        "type": "github"
      }
    },
    "neovim-plugin__nerdcommenter": {
      "flake": false,
      "locked": {
        "lastModified": 1746013323,
        "narHash": "sha256-i0JtSMgtCCwImtf3uSCjnHepp3DJ28SHvKZybOzqoGs=",
        "owner": "preservim",
        "repo": "nerdcommenter",
        "rev": "02a3b6455fa07b61b9440a78732f1e9b7876c991",
        "type": "github"
      },
      "original": {
        "owner": "preservim",
        "repo": "nerdcommenter",
        "type": "github"
      }
    },
    "neovim-plugin__nvim-hlslens": {
      "flake": false,
      "locked": {
        "lastModified": 1745645721,
        "narHash": "sha256-BwqrIytPWy3CZ4ZXIPWh54ZpWJbj27aqxzzdFAr9PRc=",
        "owner": "kevinhwang91",
        "repo": "nvim-hlslens",
        "rev": "1e650c136f9f9d5fefe34947ad27c80010d3321f",
        "type": "github"
      },
      "original": {
        "owner": "kevinhwang91",
        "repo": "nvim-hlslens",
        "type": "github"
      }
    },
    "neovim-plugin__nvim-treesitter-endwise": {
      "flake": false,
      "locked": {
        "lastModified": 1746024752,
        "narHash": "sha256-Qwzfq9bTqaptV+o4oFoMz0prVFifrUji1iCG2PdqPYs=",
        "owner": "RRethy",
        "repo": "nvim-treesitter-endwise",
        "rev": "d6cbb83307d516ec076d17c9a33d704ef626ee8c",
        "type": "github"
      },
      "original": {
        "owner": "RRethy",
        "repo": "nvim-treesitter-endwise",
        "type": "github"
      }
    },
    "neovim-plugin__plenary_nvim": {
      "flake": false,
      "locked": {
        "lastModified": 1739311008,
        "narHash": "sha256-8FV5RjF7QbDmQOQynpK7uRKONKbPRYbOPugf9ZxNvUs=",
        "owner": "nvim-lua",
        "repo": "plenary.nvim",
        "rev": "857c5ac632080dba10aae49dba902ce3abf91b35",
        "type": "github"
      },
      "original": {
        "owner": "nvim-lua",
        "repo": "plenary.nvim",
        "type": "github"
      }
    },
    "neovim-plugin__popup_nvim": {
      "flake": false,
      "locked": {
        "lastModified": 1637254091,
        "narHash": "sha256-dNWz/xovUg55fDZUpVs/2kLphk3lqQyvPtc9ATwbeSQ=",
        "owner": "nvim-lua",
        "repo": "popup.nvim",
        "rev": "b7404d35d5d3548a82149238289fa71f7f6de4ac",
        "type": "github"
      },
      "original": {
        "owner": "nvim-lua",
        "repo": "popup.nvim",
        "type": "github"
      }
    },
    "neovim-plugin__supertab": {
      "flake": false,
      "locked": {
        "lastModified": 1745677968,
        "narHash": "sha256-tCesXoIMni0NHvCSlM7BWbQo8gVRbMBQm6fTajgQwEs=",
        "owner": "ervandew",
        "repo": "supertab",
        "rev": "8705ae0e43b34339c06328fa6dab24ecaf21aab6",
        "type": "github"
      },
      "original": {
        "owner": "ervandew",
        "repo": "supertab",
        "type": "github"
      }
    },
    "neovim-plugin__telescope_nvim": {
      "flake": false,
      "locked": {
        "lastModified": 1716532947,
        "narHash": "sha256-e1ulhc4IIvUgpjKQrSqPY4WpXuez6wlxL6Min9U0o5Q=",
        "owner": "nvim-telescope",
        "repo": "telescope.nvim",
        "rev": "a0bbec21143c7bc5f8bb02e0005fa0b982edc026",
        "type": "github"
      },
      "original": {
        "owner": "nvim-telescope",
        "ref": "0.1.x",
        "repo": "telescope.nvim",
        "type": "github"
      }
    },
    "neovim-plugin__vim-coffee-script": {
      "flake": false,
      "locked": {
        "lastModified": 1608483613,
        "narHash": "sha256-AvAB9ssClOOrcGQRZ70sMrcrmHlb0L+9FOh0MTLkZx4=",
        "owner": "kchmck",
        "repo": "vim-coffee-script",
        "rev": "28421258a8dde5a50deafbfc19cd9873cacfaa79",
        "type": "github"
      },
      "original": {
        "owner": "kchmck",
        "repo": "vim-coffee-script",
        "type": "github"
      }
    },
    "neovim-plugin__vim-easy-align": {
      "flake": false,
      "locked": {
        "lastModified": 1712978502,
        "narHash": "sha256-9CfWi83DCzWBARNG6AA0MQllEfQ/3UtYtYPDWLdmDwk=",
        "owner": "junegunn",
        "repo": "vim-easy-align",
        "rev": "9815a55dbcd817784458df7a18acacc6f82b1241",
        "type": "github"
      },
      "original": {
        "owner": "junegunn",
        "repo": "vim-easy-align",
        "type": "github"
      }
    },
    "neovim-plugin__vim-eunuch": {
      "flake": false,
      "locked": {
        "lastModified": 1735457466,
        "narHash": "sha256-vvt9CJfD2Y8rhFKVbvSEJYQN8jWrw6NTq8Wp/COVH1E=",
        "owner": "tpope",
        "repo": "vim-eunuch",
        "rev": "e86bb794a1c10a2edac130feb0ea590a00d03f1e",
        "type": "github"
      },
      "original": {
        "owner": "tpope",
        "repo": "vim-eunuch",
        "type": "github"
      }
    },
    "neovim-plugin__vim-filebeagle": {
      "flake": false,
      "locked": {
        "lastModified": 1553460539,
        "narHash": "sha256-eTRCfo87WtxUJN8t61D3z8d20Pqq60gj8NmQyCt9Vwg=",
        "owner": "tobiwild",
        "repo": "vim-filebeagle",
        "rev": "2b9ab186c486c98896bc3fb178867b6603d75fb1",
        "type": "github"
      },
      "original": {
        "owner": "tobiwild",
        "repo": "vim-filebeagle",
        "type": "github"
      }
    },
    "neovim-plugin__vim-fugitive": {
      "flake": false,
      "locked": {
        "lastModified": 1740005044,
        "narHash": "sha256-1AteNwnc7lCHLIwM8Ejm2T9VTIDM+CeAfvAUeSQRFKE=",
        "owner": "tpope",
        "repo": "vim-fugitive",
        "rev": "4a745ea72fa93bb15dd077109afbb3d1809383f2",
        "type": "github"
      },
      "original": {
        "owner": "tpope",
        "repo": "vim-fugitive",
        "type": "github"
      }
    },
    "neovim-plugin__vim-grepper": {
      "flake": false,
      "locked": {
        "lastModified": 1739883069,
        "narHash": "sha256-MLKikTcGuZIDvkUvCMQP46CeUOF17aT9hsBGTzBAQok=",
        "owner": "mhinz",
        "repo": "vim-grepper",
        "rev": "acaaf32edaa11d82fb972d2af36b949ec3042928",
        "type": "github"
      },
      "original": {
        "owner": "mhinz",
        "repo": "vim-grepper",
        "type": "github"
      }
    },
    "neovim-plugin__vim-kickstart": {
      "flake": false,
      "locked": {
        "lastModified": 1522336164,
        "narHash": "sha256-o3XSXSE0gzSgX6wyjwMPmNTGPnZJMRm2cnVEJtF6Gxs=",
        "owner": "tangledhelix",
        "repo": "vim-kickstart",
        "rev": "da484930941fcd1ff2215bc7d5f1568bef6fda7f",
        "type": "github"
      },
      "original": {
        "owner": "tangledhelix",
        "repo": "vim-kickstart",
        "type": "github"
      }
    },
    "neovim-plugin__vim-plugin-ruscmd": {
      "flake": false,
      "locked": {
        "lastModified": 1725958517,
        "narHash": "sha256-GXwcfoK+A6aS48usdp70ZdGipQz2OpMXo24NV3eK8BQ=",
        "owner": "powerman",
        "repo": "vim-plugin-ruscmd",
        "rev": "b4c6cf0b4ff76641d84c2ea1e90ab258f8ff7415",
        "type": "github"
      },
      "original": {
        "owner": "powerman",
        "repo": "vim-plugin-ruscmd",
        "type": "github"
      }
    },
    "neovim-plugin__vim-repeat": {
      "flake": false,
      "locked": {
        "lastModified": 1720473942,
        "narHash": "sha256-G/dmkq1KtSHIl+I5p3LfO6mGPS3eyLRbEEsuLbTpGlk=",
        "owner": "tpope",
        "repo": "vim-repeat",
        "rev": "65846025c15494983dafe5e3b46c8f88ab2e9635",
        "type": "github"
      },
      "original": {
        "owner": "tpope",
        "repo": "vim-repeat",
        "type": "github"
      }
    },
    "neovim-plugin__vim-rooter": {
      "flake": false,
      "locked": {
        "lastModified": 1727254127,
        "narHash": "sha256-JrpYcQ/mJQQUvDdsYlaaep6J6/irDIrCAb8W49JHqzk=",
        "owner": "airblade",
        "repo": "vim-rooter",
        "rev": "51402fb77c4d6ae94994e37dc7ca13bec8f4afcc",
        "type": "github"
      },
      "original": {
        "owner": "airblade",
        "repo": "vim-rooter",
        "type": "github"
      }
    },
    "neovim-plugin__vim-surround": {
      "flake": false,
      "locked": {
        "lastModified": 1666730476,
        "narHash": "sha256-DZE5tkmnT+lAvx/RQHaDEgEJXRKsy56KJY919xiH1lE=",
        "owner": "tpope",
        "repo": "vim-surround",
        "rev": "3d188ed2113431cf8dac77be61b842acb64433d9",
        "type": "github"
      },
      "original": {
        "owner": "tpope",
        "repo": "vim-surround",
        "type": "github"
      }
    },
    "neovim-plugin__vim-unimpaired": {
      "flake": false,
      "locked": {
        "lastModified": 1668992903,
        "narHash": "sha256-KUNmvI5+2yZuPTmtUiRPtkjzMxRaDh5gALsLz5VIaao=",
        "owner": "tpope",
        "repo": "vim-unimpaired",
        "rev": "6d44a6dc2ec34607c41ec78acf81657248580bf1",
        "type": "github"
      },
      "original": {
        "owner": "tpope",
        "repo": "vim-unimpaired",
        "type": "github"
      }
    },
    "nixpkgs": {
      "locked": {
        "lastModified": 1747953325,
        "narHash": "sha256-y2ZtlIlNTuVJUZCqzZAhIw5rrKP4DOSklev6c8PyCkQ=",
        "owner": "nixos",
        "repo": "nixpkgs",
        "rev": "55d1f923c480dadce40f5231feb472e81b0bab48",
        "type": "github"
      },
      "original": {
        "owner": "nixos",
        "ref": "nixos-25.05",
        "repo": "nixpkgs",
        "type": "github"
      }
    },
    "root": {
      "inputs": {
        "flake-parts": "flake-parts",
        "neovim-plugin__ale": "neovim-plugin__ale",
        "neovim-plugin__editorconfig-vim": "neovim-plugin__editorconfig-vim",
        "neovim-plugin__gitsigns_nvim": "neovim-plugin__gitsigns_nvim",
        "neovim-plugin__hop_nvim": "neovim-plugin__hop_nvim",
        "neovim-plugin__leap_nvim": "neovim-plugin__leap_nvim",
        "neovim-plugin__lightline_vim": "neovim-plugin__lightline_vim",
        "neovim-plugin__monokai_nvim": "neovim-plugin__monokai_nvim",
        "neovim-plugin__nerdcommenter": "neovim-plugin__nerdcommenter",
        "neovim-plugin__nvim-hlslens": "neovim-plugin__nvim-hlslens",
        "neovim-plugin__nvim-treesitter-endwise": "neovim-plugin__nvim-treesitter-endwise",
        "neovim-plugin__plenary_nvim": "neovim-plugin__plenary_nvim",
        "neovim-plugin__popup_nvim": "neovim-plugin__popup_nvim",
        "neovim-plugin__supertab": "neovim-plugin__supertab",
        "neovim-plugin__telescope_nvim": "neovim-plugin__telescope_nvim",
        "neovim-plugin__vim-coffee-script": "neovim-plugin__vim-coffee-script",
        "neovim-plugin__vim-easy-align": "neovim-plugin__vim-easy-align",
        "neovim-plugin__vim-eunuch": "neovim-plugin__vim-eunuch",
        "neovim-plugin__vim-filebeagle": "neovim-plugin__vim-filebeagle",
        "neovim-plugin__vim-fugitive": "neovim-plugin__vim-fugitive",
        "neovim-plugin__vim-grepper": "neovim-plugin__vim-grepper",
        "neovim-plugin__vim-kickstart": "neovim-plugin__vim-kickstart",
        "neovim-plugin__vim-plugin-ruscmd": "neovim-plugin__vim-plugin-ruscmd",
        "neovim-plugin__vim-repeat": "neovim-plugin__vim-repeat",
        "neovim-plugin__vim-rooter": "neovim-plugin__vim-rooter",
        "neovim-plugin__vim-surround": "neovim-plugin__vim-surround",
        "neovim-plugin__vim-unimpaired": "neovim-plugin__vim-unimpaired",
        "nixpkgs": "nixpkgs"
      }
    }
  },
  "root": "root",
  "version": 7
}
