{
  "nodes": {
    "flake-utils": {
      "inputs": {
        "systems": "systems"
      },
      "locked": {
        "lastModified": 1681202837,
        "narHash": "sha256-H+Rh19JDwRtpVPAWp64F+rlEtxUWBAQW28eAi3SRSzg=",
        "owner": "numtide",
        "repo": "flake-utils",
        "rev": "cfacdce06f30d2b68473a46042957675eebb3401",
        "type": "github"
      },
      "original": {
        "owner": "numtide",
        "repo": "flake-utils",
        "type": "github"
      }
    },
    "neovim-plugin__ale": {
      "flake": false,
      "locked": {
        "lastModified": 1680426598,
        "narHash": "sha256-QVV3tM+wRNd794WxZWhMq/gn0r6QCMpzcZX3foZCaMM=",
        "owner": "dense-analysis",
        "repo": "ale",
        "rev": "b0ba31f88e09c033630ac15ae07143af7f658072",
        "type": "github"
      },
      "original": {
        "owner": "dense-analysis",
        "repo": "ale",
        "type": "github"
      }
    },
    "neovim-plugin__editorconfig-vim": {
      "flake": false,
      "locked": {
        "lastModified": 1679447753,
        "narHash": "sha256-eOgqgw+7MJEVXRFeloCOKifEN04Z7D7QZpm+DGr4xp4=",
        "owner": "editorconfig",
        "repo": "editorconfig-vim",
        "rev": "7f4e4dfc58c480d154116614e616d90aac77204d",
        "type": "github"
      },
      "original": {
        "owner": "editorconfig",
        "repo": "editorconfig-vim",
        "type": "github"
      }
    },
    "neovim-plugin__gitsigns_nvim": {
      "flake": false,
      "locked": {
        "lastModified": 1680593514,
        "narHash": "sha256-nUVVEO06giiJURxT7qNHbX9C1ljZtchUeOdEoCQBk3E=",
        "owner": "lewis6991",
        "repo": "gitsigns.nvim",
        "rev": "372d5cb485f2062ac74abc5b33054abac21d8b58",
        "type": "github"
      },
      "original": {
        "owner": "lewis6991",
        "repo": "gitsigns.nvim",
        "type": "github"
      }
    },
    "neovim-plugin__hop_nvim": {
      "flake": false,
      "locked": {
        "lastModified": 1667151642,
        "narHash": "sha256-UZZlo5n1x8UfM9OP7RHfT3sFRfMpLkBLbEdcSO+SU6E=",
        "owner": "phaazon",
        "repo": "hop.nvim",
        "rev": "90db1b2c61b820e230599a04fedcd2679e64bd07",
        "type": "github"
      },
      "original": {
        "owner": "phaazon",
        "repo": "hop.nvim",
        "type": "github"
      }
    },
    "neovim-plugin__leap_nvim": {
      "flake": false,
      "locked": {
        "lastModified": 1678823512,
        "narHash": "sha256-bzmsib8Qr2Whu1FqHzvrsIfSKf/CFutsaM3Sz8gaTLo=",
        "owner": "ggandor",
        "repo": "leap.nvim",
        "rev": "f74473d23ebf60957e0db3ff8172349a82e5a442",
        "type": "github"
      },
      "original": {
        "owner": "ggandor",
        "repo": "leap.nvim",
        "type": "github"
      }
    },
    "neovim-plugin__lightline_vim": {
      "flake": false,
      "locked": {
        "lastModified": 1664979337,
        "narHash": "sha256-NjNdaona4H4y+lBNDQ9Ygeytc/lvXy80QJw3MmWDYHU=",
        "owner": "itchyny",
        "repo": "lightline.vim",
        "rev": "b1e91b41f5028d65fa3d31a425ff21591d5d957f",
        "type": "github"
      },
      "original": {
        "owner": "itchyny",
        "repo": "lightline.vim",
        "type": "github"
      }
    },
    "neovim-plugin__molokai": {
      "flake": false,
      "locked": {
        "lastModified": 1447244265,
        "narHash": "sha256-OgzU7vm046T9gmxmqO3sRKCH0E9QAheYGoT7WbL8Ot4=",
        "owner": "tomasr",
        "repo": "molokai",
        "rev": "c67bdfcdb31415aa0ade7f8c003261700a885476",
        "type": "github"
      },
      "original": {
        "owner": "tomasr",
        "repo": "molokai",
        "type": "github"
      }
    },
    "neovim-plugin__monokai_nvim": {
      "flake": false,
      "locked": {
        "lastModified": 1674050493,
        "narHash": "sha256-Q6+la2P2L1QmdsRKszBBMee8oLXHwdJGWjG/FMMFgT0=",
        "owner": "tanvirtin",
        "repo": "monokai.nvim",
        "rev": "b8bd44d5796503173627d7a1fc51f77ec3a08a63",
        "type": "github"
      },
      "original": {
        "owner": "tanvirtin",
        "repo": "monokai.nvim",
        "type": "github"
      }
    },
    "neovim-plugin__nerdcommenter": {
      "flake": false,
      "locked": {
        "lastModified": 1675628052,
        "narHash": "sha256-B7LIhUM2EM3OZxnSP6xAXmbMrWz7u3B1yHx8JuFjIkc=",
        "owner": "preservim",
        "repo": "nerdcommenter",
        "rev": "d069f7fb562fb9eb6911fe23cda7aca2a387043e",
        "type": "github"
      },
      "original": {
        "owner": "preservim",
        "repo": "nerdcommenter",
        "type": "github"
      }
    },
    "neovim-plugin__nvim-hlslens": {
      "flake": false,
      "locked": {
        "lastModified": 1675246061,
        "narHash": "sha256-cgp8/QFnj13exjiR+J0skueZ9E1vzLeAtpsXAdb8BMY=",
        "owner": "kevinhwang91",
        "repo": "nvim-hlslens",
        "rev": "5e3e9088fba7508cee3612ee50b14dfdd3ab19af",
        "type": "github"
      },
      "original": {
        "owner": "kevinhwang91",
        "repo": "nvim-hlslens",
        "type": "github"
      }
    },
    "neovim-plugin__one_monokai_nvim": {
      "flake": false,
      "locked": {
        "lastModified": 1681736191,
        "narHash": "sha256-VyxI64ryeRZli1c3aB7w2v1lusR6MZrzl3Yz2kI0HMo=",
        "owner": "cpea2506",
        "repo": "one_monokai.nvim",
        "rev": "d6e1beca6de5dbcd07bae850734b819cef019930",
        "type": "github"
      },
      "original": {
        "owner": "cpea2506",
        "repo": "one_monokai.nvim",
        "type": "github"
      }
    },
    "neovim-plugin__plenary_nvim": {
      "flake": false,
      "locked": {
        "lastModified": 1676797549,
        "narHash": "sha256-z5JHuQcF1EvySnRBywl6EOrp8aRO0nd2dnkXJg2ge58=",
        "owner": "nvim-lua",
        "repo": "plenary.nvim",
        "rev": "253d34830709d690f013daf2853a9d21ad7accab",
        "type": "github"
      },
      "original": {
        "owner": "nvim-lua",
        "repo": "plenary.nvim",
        "type": "github"
      }
    },
    "neovim-plugin__popup_nvim": {
      "flake": false,
      "locked": {
        "lastModified": 1637254091,
        "narHash": "sha256-dNWz/xovUg55fDZUpVs/2kLphk3lqQyvPtc9ATwbeSQ=",
        "owner": "nvim-lua",
        "repo": "popup.nvim",
        "rev": "b7404d35d5d3548a82149238289fa71f7f6de4ac",
        "type": "github"
      },
      "original": {
        "owner": "nvim-lua",
        "repo": "popup.nvim",
        "type": "github"
      }
    },
    "neovim-plugin__sonokai": {
      "flake": false,
      "locked": {
        "lastModified": 1682108231,
        "narHash": "sha256-rtNSRbGnz8WmttrRzzClFpoagIDXkspelG64RfOjG5w=",
        "owner": "sainnhe",
        "repo": "sonokai",
        "rev": "17ba8e0dd81db0220c4b13aecdd566951d7b8222",
        "type": "github"
      },
      "original": {
        "owner": "sainnhe",
        "repo": "sonokai",
        "type": "github"
      }
    },
    "neovim-plugin__supertab": {
      "flake": false,
      "locked": {
        "lastModified": 1619805387,
        "narHash": "sha256-Wtv8jvaULW+J/aEw3HaoNpaVqjwswrNlZxx2lYWZLOQ=",
        "owner": "ervandew",
        "repo": "supertab",
        "rev": "f0093ae12a9115498f887199809a6114659fc858",
        "type": "github"
      },
      "original": {
        "owner": "ervandew",
        "repo": "supertab",
        "type": "github"
      }
    },
    "neovim-plugin__telescope_nvim": {
      "flake": false,
      "locked": {
        "lastModified": 1681056828,
        "narHash": "sha256-bAPERiwl7kPAMbt1xoBLNxyY9a4HPUkzUU39i5wAd90=",
        "owner": "nvim-telescope",
        "repo": "telescope.nvim",
        "rev": "9de317bdea2bc393074651179c4fc7f93e9b2d56",
        "type": "github"
      },
      "original": {
        "owner": "nvim-telescope",
        "ref": "0.1.x",
        "repo": "telescope.nvim",
        "type": "github"
      }
    },
    "neovim-plugin__vim-coffee-script": {
      "flake": false,
      "locked": {
        "lastModified": 1608483613,
        "narHash": "sha256-AvAB9ssClOOrcGQRZ70sMrcrmHlb0L+9FOh0MTLkZx4=",
        "owner": "kchmck",
        "repo": "vim-coffee-script",
        "rev": "28421258a8dde5a50deafbfc19cd9873cacfaa79",
        "type": "github"
      },
      "original": {
        "owner": "kchmck",
        "repo": "vim-coffee-script",
        "type": "github"
      }
    },
    "neovim-plugin__vim-easy-align": {
      "flake": false,
      "locked": {
        "lastModified": 1556512351,
        "narHash": "sha256-BpjYYAfpUCLitNfRsRnfzxsOIHA6T/WmL05BjRRt7j4=",
        "owner": "junegunn",
        "repo": "vim-easy-align",
        "rev": "12dd6316974f71ce333e360c0260b4e1f81169c3",
        "type": "github"
      },
      "original": {
        "owner": "junegunn",
        "repo": "vim-easy-align",
        "type": "github"
      }
    },
    "neovim-plugin__vim-endwise": {
      "flake": false,
      "locked": {
        "lastModified": 1677367089,
        "narHash": "sha256-aiBBW1vvIn+ekSx+XynZmflWNl9yId0H8zD4KdU2NzY=",
        "owner": "tpope",
        "repo": "vim-endwise",
        "rev": "c3411c95290063f56dfe13b485882111ef403c6e",
        "type": "github"
      },
      "original": {
        "owner": "tpope",
        "repo": "vim-endwise",
        "type": "github"
      }
    },
    "neovim-plugin__vim-eunuch": {
      "flake": false,
      "locked": {
        "lastModified": 1665617668,
        "narHash": "sha256-t7D6vkEmhVDKdxqvHQ6811FENu/qM6MkrLl8lGADxDs=",
        "owner": "tpope",
        "repo": "vim-eunuch",
        "rev": "291ef1f8c8996ca7715df1032a35a27b12d7b5cf",
        "type": "github"
      },
      "original": {
        "owner": "tpope",
        "repo": "vim-eunuch",
        "type": "github"
      }
    },
    "neovim-plugin__vim-filebeagle": {
      "flake": false,
      "locked": {
        "lastModified": 1553460539,
        "narHash": "sha256-eTRCfo87WtxUJN8t61D3z8d20Pqq60gj8NmQyCt9Vwg=",
        "owner": "tobiwild",
        "repo": "vim-filebeagle",
        "rev": "2b9ab186c486c98896bc3fb178867b6603d75fb1",
        "type": "github"
      },
      "original": {
        "owner": "tobiwild",
        "repo": "vim-filebeagle",
        "type": "github"
      }
    },
    "neovim-plugin__vim-fugitive": {
      "flake": false,
      "locked": {
        "lastModified": 1680188518,
        "narHash": "sha256-66/j4epMSJKpV8KV4olE+38rQMARSP8Zt+L5UGG94eA=",
        "owner": "tpope",
        "repo": "vim-fugitive",
        "rev": "ef99f1d90cdb33a52931aed5868785b51fb9411d",
        "type": "github"
      },
      "original": {
        "owner": "tpope",
        "repo": "vim-fugitive",
        "type": "github"
      }
    },
    "neovim-plugin__vim-grepper": {
      "flake": false,
      "locked": {
        "lastModified": 1630307933,
        "narHash": "sha256-oVsbUeGC0QwHuCJ0tynKVGsxeLt9NEGQTu2qNWF5jfY=",
        "owner": "mhinz",
        "repo": "vim-grepper",
        "rev": "2b93535752ffcb312f9fab73d90e80dc9f2e60fc",
        "type": "github"
      },
      "original": {
        "owner": "mhinz",
        "repo": "vim-grepper",
        "type": "github"
      }
    },
    "neovim-plugin__vim-kickstart": {
      "flake": false,
      "locked": {
        "lastModified": 1522336164,
        "narHash": "sha256-o3XSXSE0gzSgX6wyjwMPmNTGPnZJMRm2cnVEJtF6Gxs=",
        "owner": "tangledhelix",
        "repo": "vim-kickstart",
        "rev": "da484930941fcd1ff2215bc7d5f1568bef6fda7f",
        "type": "github"
      },
      "original": {
        "owner": "tangledhelix",
        "repo": "vim-kickstart",
        "type": "github"
      }
    },
    "neovim-plugin__vim-openscad": {
      "flake": false,
      "locked": {
        "lastModified": 1658845925,
        "narHash": "sha256-lzLHlf5ELodySd7FSMAxKnuTSaK2HmifzkBtX9K/BuU=",
        "owner": "sirtaj",
        "repo": "vim-openscad",
        "rev": "11ed125209e2277d439cf6d0340c6fca263cb09b",
        "type": "github"
      },
      "original": {
        "owner": "sirtaj",
        "repo": "vim-openscad",
        "type": "github"
      }
    },
    "neovim-plugin__vim-plugin-ruscmd": {
      "flake": false,
      "locked": {
        "lastModified": 1427688537,
        "narHash": "sha256-imuQGTl8RhvDqWchDeFfbU8uLW9Iv48H/V3V81NChuI=",
        "owner": "powerman",
        "repo": "vim-plugin-ruscmd",
        "rev": "e952abbea092e420b128936a0c284fb522612c3a",
        "type": "github"
      },
      "original": {
        "owner": "powerman",
        "repo": "vim-plugin-ruscmd",
        "type": "github"
      }
    },
    "neovim-plugin__vim-polyglot": {
      "flake": false,
      "locked": {
        "lastModified": 1665762010,
        "narHash": "sha256-w36n9Oeyac7zxp5sA0J+6A4f8PWtPLlYsmThKXdpNRg=",
        "owner": "sheerun",
        "repo": "vim-polyglot",
        "rev": "bc8a81d3592dab86334f27d1d43c080ebf680d42",
        "type": "github"
      },
      "original": {
        "owner": "sheerun",
        "repo": "vim-polyglot",
        "type": "github"
      }
    },
    "neovim-plugin__vim-repeat": {
      "flake": false,
      "locked": {
        "lastModified": 1611544268,
        "narHash": "sha256-8rfZa3uKXB3TRCqaDHZ6DfzNbm7WaYnLvmTNzYtnKHg=",
        "owner": "tpope",
        "repo": "vim-repeat",
        "rev": "24afe922e6a05891756ecf331f39a1f6743d3d5a",
        "type": "github"
      },
      "original": {
        "owner": "tpope",
        "repo": "vim-repeat",
        "type": "github"
      }
    },
    "neovim-plugin__vim-rooter": {
      "flake": false,
      "locked": {
        "lastModified": 1673621824,
        "narHash": "sha256-2kPeDD5oUBWO0DZPALqMiY9D7lqaKBge0MwC1kNZPIs=",
        "owner": "airblade",
        "repo": "vim-rooter",
        "rev": "4f52ca556a0b9e257bf920658714470ea0320b7a",
        "type": "github"
      },
      "original": {
        "owner": "airblade",
        "repo": "vim-rooter",
        "type": "github"
      }
    },
    "neovim-plugin__vim-surround": {
      "flake": false,
      "locked": {
        "lastModified": 1666730476,
        "narHash": "sha256-DZE5tkmnT+lAvx/RQHaDEgEJXRKsy56KJY919xiH1lE=",
        "owner": "tpope",
        "repo": "vim-surround",
        "rev": "3d188ed2113431cf8dac77be61b842acb64433d9",
        "type": "github"
      },
      "original": {
        "owner": "tpope",
        "repo": "vim-surround",
        "type": "github"
      }
    },
    "neovim-plugin__vim-unimpaired": {
      "flake": false,
      "locked": {
        "lastModified": 1668992903,
        "narHash": "sha256-KUNmvI5+2yZuPTmtUiRPtkjzMxRaDh5gALsLz5VIaao=",
        "owner": "tpope",
        "repo": "vim-unimpaired",
        "rev": "6d44a6dc2ec34607c41ec78acf81657248580bf1",
        "type": "github"
      },
      "original": {
        "owner": "tpope",
        "repo": "vim-unimpaired",
        "type": "github"
      }
    },
    "nixpkgs-aarch64-darwin": {
      "locked": {
        "lastModified": 1682173319,
        "narHash": "sha256-tPhOpJJ+wrWIusvGgIB2+x6ILfDkEgQMX0BTtM5vd/4=",
        "owner": "nixos",
        "repo": "nixpkgs",
        "rev": "ee7ec1c71adc47d2e3c2d5eb0d6b8fbbd42a8d1c",
        "type": "github"
      },
      "original": {
        "owner": "nixos",
        "ref": "nixpkgs-22.11-darwin",
        "repo": "nixpkgs",
        "type": "github"
      }
    },
    "root": {
      "inputs": {
        "flake-utils": "flake-utils",
        "neovim-plugin__ale": "neovim-plugin__ale",
        "neovim-plugin__editorconfig-vim": "neovim-plugin__editorconfig-vim",
        "neovim-plugin__gitsigns_nvim": "neovim-plugin__gitsigns_nvim",
        "neovim-plugin__hop_nvim": "neovim-plugin__hop_nvim",
        "neovim-plugin__leap_nvim": "neovim-plugin__leap_nvim",
        "neovim-plugin__lightline_vim": "neovim-plugin__lightline_vim",
        "neovim-plugin__molokai": "neovim-plugin__molokai",
        "neovim-plugin__monokai_nvim": "neovim-plugin__monokai_nvim",
        "neovim-plugin__nerdcommenter": "neovim-plugin__nerdcommenter",
        "neovim-plugin__nvim-hlslens": "neovim-plugin__nvim-hlslens",
        "neovim-plugin__one_monokai_nvim": "neovim-plugin__one_monokai_nvim",
        "neovim-plugin__plenary_nvim": "neovim-plugin__plenary_nvim",
        "neovim-plugin__popup_nvim": "neovim-plugin__popup_nvim",
        "neovim-plugin__sonokai": "neovim-plugin__sonokai",
        "neovim-plugin__supertab": "neovim-plugin__supertab",
        "neovim-plugin__telescope_nvim": "neovim-plugin__telescope_nvim",
        "neovim-plugin__vim-coffee-script": "neovim-plugin__vim-coffee-script",
        "neovim-plugin__vim-easy-align": "neovim-plugin__vim-easy-align",
        "neovim-plugin__vim-endwise": "neovim-plugin__vim-endwise",
        "neovim-plugin__vim-eunuch": "neovim-plugin__vim-eunuch",
        "neovim-plugin__vim-filebeagle": "neovim-plugin__vim-filebeagle",
        "neovim-plugin__vim-fugitive": "neovim-plugin__vim-fugitive",
        "neovim-plugin__vim-grepper": "neovim-plugin__vim-grepper",
        "neovim-plugin__vim-kickstart": "neovim-plugin__vim-kickstart",
        "neovim-plugin__vim-openscad": "neovim-plugin__vim-openscad",
        "neovim-plugin__vim-plugin-ruscmd": "neovim-plugin__vim-plugin-ruscmd",
        "neovim-plugin__vim-polyglot": "neovim-plugin__vim-polyglot",
        "neovim-plugin__vim-repeat": "neovim-plugin__vim-repeat",
        "neovim-plugin__vim-rooter": "neovim-plugin__vim-rooter",
        "neovim-plugin__vim-surround": "neovim-plugin__vim-surround",
        "neovim-plugin__vim-unimpaired": "neovim-plugin__vim-unimpaired",
        "nixpkgs-aarch64-darwin": "nixpkgs-aarch64-darwin"
      }
    },
    "systems": {
      "locked": {
        "lastModified": 1681028828,
        "narHash": "sha256-Vy1rq5AaRuLzOxct8nz4T6wlgyUR7zLU309k9mBC768=",
        "owner": "nix-systems",
        "repo": "default",
        "rev": "da67096a3b9bf56a91d16901293e51ba5b49a27e",
        "type": "github"
      },
      "original": {
        "owner": "nix-systems",
        "repo": "default",
        "type": "github"
      }
    }
  },
  "root": "root",
  "version": 7
}
